
Microsoft Visual Studio Solution File, Format Version 12.00
# Visual Studio Version 17
VisualStudioVersion = 17.11.35219.272
MinimumVisualStudioVersion = 10.0.40219.1
Project("{FAE04EC0-301F-11D3-BF4B-00C04F79EFBC}") = "FA2024-Assignment1-sstark", "FA2024-Assignment1-sstark.csproj", "{AB2B99B3-68D5-4CAB-B547-0C1521C0970D}"
EndProject
Global
	GlobalSection(SolutionConfigurationPlatforms) = preSolution
		Debug|Any CPU = Debug|Any CPU
		Release|Any CPU = Release|Any CPU
	EndGlobalSection
	GlobalSection(ProjectConfigurationPlatforms) = postSolution
		{AB2B99B3-68D5-4CAB-B547-0C1521C0970D}.Debug|Any CPU.ActiveCfg = Debug|Any CPU
		{AB2B99B3-68D5-4CAB-B547-0C1521C0970D}.Debug|Any CPU.Build.0 = Debug|Any CPU
		{AB2B99B3-68D5-4CAB-B547-0C1521C0970D}.Release|Any CPU.ActiveCfg = Release|Any CPU
		{AB2B99B3-68D5-4CAB-B547-0C1521C0970D}.Release|Any CPU.Build.0 = Release|Any CPU
	EndGlobalSection
	GlobalSection(SolutionProperties) = preSolution
		HideSolutionNode = FALSE
	EndGlobalSection
	GlobalSection(ExtensibilityGlobals) = postSolution
		SolutionGuid = {B56609AE-2924-4A37-8748-686FC94546DE}
	EndGlobalSection
EndGlobal
